// !$*UTF8*$!
{
	archiveVersion = 1;
	classes = {
	};
	objectVersion = 56;
	objects = {

/* Begin PBXBuildFile section */
		D044FDB429C1182E00413671 /* Meal.swift in Sources */ = {isa = PBXBuildFile; fileRef = D044FDB329C1182E00413671 /* Meal.swift */; };
		D044FDB629C1186300413671 /* MealViewModel.swift in Sources */ = {isa = PBXBuildFile; fileRef = D044FDB529C1186300413671 /* MealViewModel.swift */; };
		D044FDB929C1888200413671 /* MealDetailViewModel.swift in Sources */ = {isa = PBXBuildFile; fileRef = D044FDB829C1888200413671 /* MealDetailViewModel.swift */; };
		D044FDBB29C2AC3000413671 /* MealDetailView.swift in Sources */ = {isa = PBXBuildFile; fileRef = D044FDBA29C2AC3000413671 /* MealDetailView.swift */; };
		D044FDC829C2DF8700413671 /* NumberedTextView.swift in Sources */ = {isa = PBXBuildFile; fileRef = D044FDC729C2DF8700413671 /* NumberedTextView.swift */; };
		D09ACE1629BD8C6000A85CF9 /* Fetch_DessertApp.swift in Sources */ = {isa = PBXBuildFile; fileRef = D09ACE1529BD8C6000A85CF9 /* Fetch_DessertApp.swift */; };
		D09ACE1829BD8C6000A85CF9 /* ContentView.swift in Sources */ = {isa = PBXBuildFile; fileRef = D09ACE1729BD8C6000A85CF9 /* ContentView.swift */; };
		D09ACE1A29BD8C6200A85CF9 /* Assets.xcassets in Resources */ = {isa = PBXBuildFile; fileRef = D09ACE1929BD8C6200A85CF9 /* Assets.xcassets */; };
		D09ACE1D29BD8C6200A85CF9 /* Preview Assets.xcassets in Resources */ = {isa = PBXBuildFile; fileRef = D09ACE1C29BD8C6200A85CF9 /* Preview Assets.xcassets */; };
/* End PBXBuildFile section */

/* Begin PBXFileReference section */
		D044FDB329C1182E00413671 /* Meal.swift */ = {isa = PBXFileReference; lastKnownFileType = sourcecode.swift; path = Meal.swift; sourceTree = "<group>"; };
		D044FDB529C1186300413671 /* MealViewModel.swift */ = {isa = PBXFileReference; lastKnownFileType = sourcecode.swift; path = MealViewModel.swift; sourceTree = "<group>"; };
		D044FDB829C1888200413671 /* MealDetailViewModel.swift */ = {isa = PBXFileReference; lastKnownFileType = sourcecode.swift; path = MealDetailViewModel.swift; sourceTree = "<group>"; };
		D044FDBA29C2AC3000413671 /* MealDetailView.swift */ = {isa = PBXFileReference; lastKnownFileType = sourcecode.swift; path = MealDetailView.swift; sourceTree = "<group>"; };
		D044FDC729C2DF8700413671 /* NumberedTextView.swift */ = {isa = PBXFileReference; lastKnownFileType = sourcecode.swift; path = NumberedTextView.swift; sourceTree = "<group>"; };
		D09ACE1229BD8C6000A85CF9 /* Fetch Dessert.app */ = {isa = PBXFileReference; explicitFileType = wrapper.application; includeInIndex = 0; path = "Fetch Dessert.app"; sourceTree = BUILT_PRODUCTS_DIR; };
		D09ACE1529BD8C6000A85CF9 /* Fetch_DessertApp.swift */ = {isa = PBXFileReference; lastKnownFileType = sourcecode.swift; path = Fetch_DessertApp.swift; sourceTree = "<group>"; };
		D09ACE1729BD8C6000A85CF9 /* ContentView.swift */ = {isa = PBXFileReference; lastKnownFileType = sourcecode.swift; path = ContentView.swift; sourceTree = "<group>"; };
		D09ACE1929BD8C6200A85CF9 /* Assets.xcassets */ = {isa = PBXFileReference; lastKnownFileType = folder.assetcatalog; path = Assets.xcassets; sourceTree = "<group>"; };
		D09ACE1C29BD8C6200A85CF9 /* Preview Assets.xcassets */ = {isa = PBXFileReference; lastKnownFileType = folder.assetcatalog; path = "Preview Assets.xcassets"; sourceTree = "<group>"; };
/* End PBXFileReference section */

/* Begin PBXFrameworksBuildPhase section */
		D09ACE0F29BD8C6000A85CF9 /* Frameworks */ = {
			isa = PBXFrameworksBuildPhase;
			buildActionMask = 2147483647;
			files = (
			);
			runOnlyForDeploymentPostprocessing = 0;
		};
/* End PBXFrameworksBuildPhase section */

/* Begin PBXGroup section */
		D044FDBE29C2B1C800413671 /* ViewModels */ = {
			isa = PBXGroup;
			children = (
				D044FDB529C1186300413671 /* MealViewModel.swift */,
				D044FDB829C1888200413671 /* MealDetailViewModel.swift */,
			);
			name = ViewModels;
			sourceTree = "<group>";
		};
		D044FDBF29C2B1D100413671 /* Models */ = {
			isa = PBXGroup;
			children = (
				D044FDB329C1182E00413671 /* Meal.swift */,
			);
			path = Models;
			sourceTree = "<group>";
		};
		D044FDC029C2B1D600413671 /* Views */ = {
			isa = PBXGroup;
			children = (
				D09ACE1729BD8C6000A85CF9 /* ContentView.swift */,
				D044FDBA29C2AC3000413671 /* MealDetailView.swift */,
				D044FDC729C2DF8700413671 /* NumberedTextView.swift */,
			);
			path = Views;
			sourceTree = "<group>";
		};
		D09ACE0929BD8C6000A85CF9 = {
			isa = PBXGroup;
			children = (
				D09ACE1429BD8C6000A85CF9 /* Fetch Dessert */,
				D09ACE1329BD8C6000A85CF9 /* Products */,
			);
			sourceTree = "<group>";
		};
		D09ACE1329BD8C6000A85CF9 /* Products */ = {
			isa = PBXGroup;
			children = (
				D09ACE1229BD8C6000A85CF9 /* Fetch Dessert.app */,
			);
			name = Products;
			sourceTree = "<group>";
		};
		D09ACE1429BD8C6000A85CF9 /* Fetch Dessert */ = {
			isa = PBXGroup;
			children = (
				D044FDBF29C2B1D100413671 /* Models */,
				D044FDBE29C2B1C800413671 /* ViewModels */,
				D044FDC029C2B1D600413671 /* Views */,
				D09ACE1529BD8C6000A85CF9 /* Fetch_DessertApp.swift */,
				D09ACE1929BD8C6200A85CF9 /* Assets.xcassets */,
				D09ACE1B29BD8C6200A85CF9 /* Preview Content */,
			);
			path = "Fetch Dessert";
			sourceTree = "<group>";
		};
		D09ACE1B29BD8C6200A85CF9 /* Preview Content */ = {
			isa = PBXGroup;
			children = (
				D09ACE1C29BD8C6200A85CF9 /* Preview Assets.xcassets */,
			);
			path = "Preview Content";
			sourceTree = "<group>";
		};
/* End PBXGroup section */

/* Begin PBXNativeTarget section */
		D09ACE1129BD8C6000A85CF9 /* Fetch Dessert */ = {
			isa = PBXNativeTarget;
			buildConfigurationList = D09ACE2029BD8C6200A85CF9 /* Build configuration list for PBXNativeTarget "Fetch Dessert" */;
			buildPhases = (
				D09ACE0E29BD8C6000A85CF9 /* Sources */,
				D09ACE0F29BD8C6000A85CF9 /* Frameworks */,
				D09ACE1029BD8C6000A85CF9 /* Resources */,
			);
			buildRules = (
			);
			dependencies = (
			);
			name = "Fetch Dessert";
			productName = "Fetch Dessert";
			productReference = D09ACE1229BD8C6000A85CF9 /* Fetch Dessert.app */;
			productType = "com.apple.product-type.application";
		};
/* End PBXNativeTarget section */

/* Begin PBXProject section */
		D09ACE0A29BD8C6000A85CF9 /* Project object */ = {
			isa = PBXProject;
			attributes = {
				BuildIndependentTargetsInParallel = 1;
				LastSwiftUpdateCheck = 1420;
				LastUpgradeCheck = 1420;
				TargetAttributes = {
					D09ACE1129BD8C6000A85CF9 = {
						CreatedOnToolsVersion = 14.2;
					};
				};
			};
			buildConfigurationList = D09ACE0D29BD8C6000A85CF9 /* Build configuration list for PBXProject "Fetch Dessert" */;
			compatibilityVersion = "Xcode 14.0";
			developmentRegion = en;
			hasScannedForEncodings = 0;
			knownRegions = (
				en,
				Base,
			);
			mainGroup = D09ACE0929BD8C6000A85CF9;
			productRefGroup = D09ACE1329BD8C6000A85CF9 /* Products */;
			projectDirPath = "";
			projectRoot = "";
			targets = (
				D09ACE1129BD8C6000A85CF9 /* Fetch Dessert */,
			);
		};
/* End PBXProject section */

/* Begin PBXResourcesBuildPhase section */
		D09ACE1029BD8C6000A85CF9 /* Resources */ = {
			isa = PBXResourcesBuildPhase;
			buildActionMask = 2147483647;
			files = (
				D09ACE1D29BD8C6200A85CF9 /* Preview Assets.xcassets in Resources */,
				D09ACE1A29BD8C6200A85CF9 /* Assets.xcassets in Resources */,
			);
			runOnlyForDeploymentPostprocessing = 0;
		};
/* End PBXResourcesBuildPhase section */

/* Begin PBXSourcesBuildPhase section */
		D09ACE0E29BD8C6000A85CF9 /* Sources */ = {
			isa = PBXSourcesBuildPhase;
			buildActionMask = 2147483647;
			files = (
				D044FDBB29C2AC3000413671 /* MealDetailView.swift in Sources */,
				D044FDB429C1182E00413671 /* Meal.swift in Sources */,
				D044FDC829C2DF8700413671 /* NumberedTextView.swift in Sources */,
				D044FDB629C1186300413671 /* MealViewModel.swift in Sources */,
				D09ACE1829BD8C6000A85CF9 /* ContentView.swift in Sources */,
				D044FDB929C1888200413671 /* MealDetailViewModel.swift in Sources */,
				D09ACE1629BD8C6000A85CF9 /* Fetch_DessertApp.swift in Sources */,
			);
			runOnlyForDeploymentPostprocessing = 0;
		};
/* End PBXSourcesBuildPhase section */

/* Begin XCBuildConfiguration section */
		D09ACE1E29BD8C6200A85CF9 /* Debug */ = {
			isa = XCBuildConfiguration;
			buildSettings = {
				ALWAYS_SEARCH_USER_PATHS = NO;
				CLANG_ANALYZER_NONNULL = YES;
				CLANG_ANALYZER_NUMBER_OBJECT_CONVERSION = YES_AGGRESSIVE;
				CLANG_CXX_LANGUAGE_STANDARD = "gnu++20";
				CLANG_ENABLE_MODULES = YES;
				CLANG_ENABLE_OBJC_ARC = YES;
				CLANG_ENABLE_OBJC_WEAK = YES;
				CLANG_WARN_BLOCK_CAPTURE_AUTORELEASING = YES;
				CLANG_WARN_BOOL_CONVERSION = YES;
				CLANG_WARN_COMMA = YES;
				CLANG_WARN_CONSTANT_CONVERSION = YES;
				CLANG_WARN_DEPRECATED_OBJC_IMPLEMENTATIONS = YES;
				CLANG_WARN_DIRECT_OBJC_ISA_USAGE = YES_ERROR;
				CLANG_WARN_DOCUMENTATION_COMMENTS = YES;
				CLANG_WARN_EMPTY_BODY = YES;
				CLANG_WARN_ENUM_CONVERSION = YES;
				CLANG_WARN_INFINITE_RECURSION = YES;
				CLANG_WARN_INT_CONVERSION = YES;
				CLANG_WARN_NON_LITERAL_NULL_CONVERSION = YES;
				CLANG_WARN_OBJC_IMPLICIT_RETAIN_SELF = YES;
				CLANG_WARN_OBJC_LITERAL_CONVERSION = YES;
				CLANG_WARN_OBJC_ROOT_CLASS = YES_ERROR;
				CLANG_WARN_QUOTED_INCLUDE_IN_FRAMEWORK_HEADER = YES;
				CLANG_WARN_RANGE_LOOP_ANALYSIS = YES;
				CLANG_WARN_STRICT_PROTOTYPES = YES;
				CLANG_WARN_SUSPICIOUS_MOVE = YES;
				CLANG_WARN_UNGUARDED_AVAILABILITY = YES_AGGRESSIVE;
				CLANG_WARN_UNREACHABLE_CODE = YES;
				CLANG_WARN__DUPLICATE_METHOD_MATCH = YES;
				COPY_PHASE_STRIP = NO;
				DEBUG_INFORMATION_FORMAT = dwarf;
				ENABLE_STRICT_OBJC_MSGSEND = YES;
				ENABLE_TESTABILITY = YES;
				GCC_C_LANGUAGE_STANDARD = gnu11;
				GCC_DYNAMIC_NO_PIC = NO;
				GCC_NO_COMMON_BLOCKS = YES;
				GCC_OPTIMIZATION_LEVEL = 0;
				GCC_PREPROCESSOR_DEFINITIONS = (
					"DEBUG=1",
					"$(inherited)",
				);
				GCC_WARN_64_TO_32_BIT_CONVERSION = YES;
				GCC_WARN_ABOUT_RETURN_TYPE = YES_ERROR;
				GCC_WARN_UNDECLARED_SELECTOR = YES;
				GCC_WARN_UNINITIALIZED_AUTOS = YES_AGGRESSIVE;
				GCC_WARN_UNUSED_FUNCTION = YES;
				GCC_WARN_UNUSED_VARIABLE = YES;
				IPHONEOS_DEPLOYMENT_TARGET = 16.2;
				MTL_ENABLE_DEBUG_INFO = INCLUDE_SOURCE;
				MTL_FAST_MATH = YES;
				ONLY_ACTIVE_ARCH = YES;
				SDKROOT = iphoneos;
				SWIFT_ACTIVE_COMPILATION_CONDITIONS = DEBUG;
				SWIFT_OPTIMIZATION_LEVEL = "-Onone";
			};
			name = Debug;
		};
		D09ACE1F29BD8C6200A85CF9 /* Release */ = {
			isa = XCBuildConfiguration;
			buildSettings = {
				ALWAYS_SEARCH_USER_PATHS = NO;
				CLANG_ANALYZER_NONNULL = YES;
				CLANG_ANALYZER_NUMBER_OBJECT_CONVERSION = YES_AGGRESSIVE;
				CLANG_CXX_LANGUAGE_STANDARD = "gnu++20";
				CLANG_ENABLE_MODULES = YES;
				CLANG_ENABLE_OBJC_ARC = YES;
				CLANG_ENABLE_OBJC_WEAK = YES;
				CLANG_WARN_BLOCK_CAPTURE_AUTORELEASING = YES;
				CLANG_WARN_BOOL_CONVERSION = YES;
				CLANG_WARN_COMMA = YES;
				CLANG_WARN_CONSTANT_CONVERSION = YES;
				CLANG_WARN_DEPRECATED_OBJC_IMPLEMENTATIONS = YES;
				CLANG_WARN_DIRECT_OBJC_ISA_USAGE = YES_ERROR;
				CLANG_WARN_DOCUMENTATION_COMMENTS = YES;
				CLANG_WARN_EMPTY_BODY = YES;
				CLANG_WARN_ENUM_CONVERSION = YES;
				CLANG_WARN_INFINITE_RECURSION = YES;
				CLANG_WARN_INT_CONVERSION = YES;
				CLANG_WARN_NON_LITERAL_NULL_CONVERSION = YES;
				CLANG_WARN_OBJC_IMPLICIT_RETAIN_SELF = YES;
				CLANG_WARN_OBJC_LITERAL_CONVERSION = YES;
				CLANG_WARN_OBJC_ROOT_CLASS = YES_ERROR;
				CLANG_WARN_QUOTED_INCLUDE_IN_FRAMEWORK_HEADER = YES;
				CLANG_WARN_RANGE_LOOP_ANALYSIS = YES;
				CLANG_WARN_STRICT_PROTOTYPES = YES;
				CLANG_WARN_SUSPICIOUS_MOVE = YES;
				CLANG_WARN_UNGUARDED_AVAILABILITY = YES_AGGRESSIVE;
				CLANG_WARN_UNREACHABLE_CODE = YES;
				CLANG_WARN__DUPLICATE_METHOD_MATCH = YES;
				COPY_PHASE_STRIP = NO;
				DEBUG_INFORMATION_FORMAT = "dwarf-with-dsym";
				ENABLE_NS_ASSERTIONS = NO;
				ENABLE_STRICT_OBJC_MSGSEND = YES;
				GCC_C_LANGUAGE_STANDARD = gnu11;
				GCC_NO_COMMON_BLOCKS = YES;
				GCC_WARN_64_TO_32_BIT_CONVERSION = YES;
				GCC_WARN_ABOUT_RETURN_TYPE = YES_ERROR;
				GCC_WARN_UNDECLARED_SELECTOR = YES;
				GCC_WARN_UNINITIALIZED_AUTOS = YES_AGGRESSIVE;
				GCC_WARN_UNUSED_FUNCTION = YES;
				GCC_WARN_UNUSED_VARIABLE = YES;
				IPHONEOS_DEPLOYMENT_TARGET = 16.2;
				MTL_ENABLE_DEBUG_INFO = NO;
				MTL_FAST_MATH = YES;
				SDKROOT = iphoneos;
				SWIFT_COMPILATION_MODE = wholemodule;
				SWIFT_OPTIMIZATION_LEVEL = "-O";
				VALIDATE_PRODUCT = YES;
			};
			name = Release;
		};
		D09ACE2129BD8C6200A85CF9 /* Debug */ = {
			isa = XCBuildConfiguration;
			buildSettings = {
				ASSETCATALOG_COMPILER_APPICON_NAME = AppIcon;
				ASSETCATALOG_COMPILER_GLOBAL_ACCENT_COLOR_NAME = AccentColor;
				CODE_SIGN_STYLE = Automatic;
				CURRENT_PROJECT_VERSION = 1;
				DEVELOPMENT_ASSET_PATHS = "\"Fetch Dessert/Preview Content\"";
				ENABLE_PREVIEWS = YES;
				GENERATE_INFOPLIST_FILE = YES;
				INFOPLIST_KEY_UIApplicationSceneManifest_Generation = YES;
				INFOPLIST_KEY_UIApplicationSupportsIndirectInputEvents = YES;
				INFOPLIST_KEY_UILaunchScreen_Generation = YES;
				INFOPLIST_KEY_UISupportedInterfaceOrientations_iPad = "UIInterfaceOrientationPortrait UIInterfaceOrientationPortraitUpsideDown UIInterfaceOrientationLandscapeLeft UIInterfaceOrientationLandscapeRight";
				INFOPLIST_KEY_UISupportedInterfaceOrientations_iPhone = "UIInterfaceOrientationPortrait UIInterfaceOrientationLandscapeLeft UIInterfaceOrientationLandscapeRight";
				LD_RUNPATH_SEARCH_PATHS = (
					"$(inherited)",
					"@executable_path/Frameworks",
				);
				MARKETING_VERSION = 1.0;
				PRODUCT_BUNDLE_IDENTIFIER = "com.jasonyeoh.Fetch-Dessert";
				PRODUCT_NAME = "$(TARGET_NAME)";
				SWIFT_EMIT_LOC_STRINGS = YES;
				SWIFT_VERSION = 5.0;
				TARGETED_DEVICE_FAMILY = "1,2";
			};
			name = Debug;
		};
		D09ACE2229BD8C6200A85CF9 /* Release */ = {
			isa = XCBuildConfiguration;
			buildSettings = {
				ASSETCATALOG_COMPILER_APPICON_NAME = AppIcon;
				ASSETCATALOG_COMPILER_GLOBAL_ACCENT_COLOR_NAME = AccentColor;
				CODE_SIGN_STYLE = Automatic;
				CURRENT_PROJECT_VERSION = 1;
				DEVELOPMENT_ASSET_PATHS = "\"Fetch Dessert/Preview Content\"";
				ENABLE_PREVIEWS = YES;
				GENERATE_INFOPLIST_FILE = YES;
				INFOPLIST_KEY_UIApplicationSceneManifest_Generation = YES;
				INFOPLIST_KEY_UIApplicationSupportsIndirectInputEvents = YES;
				INFOPLIST_KEY_UILaunchScreen_Generation = YES;
				INFOPLIST_KEY_UISupportedInterfaceOrientations_iPad = "UIInterfaceOrientationPortrait UIInterfaceOrientationPortraitUpsideDown UIInterfaceOrientationLandscapeLeft UIInterfaceOrientationLandscapeRight";
				INFOPLIST_KEY_UISupportedInterfaceOrientations_iPhone = "UIInterfaceOrientationPortrait UIInterfaceOrientationLandscapeLeft UIInterfaceOrientationLandscapeRight";
				LD_RUNPATH_SEARCH_PATHS = (
					"$(inherited)",
					"@executable_path/Frameworks",
				);
				MARKETING_VERSION = 1.0;
				PRODUCT_BUNDLE_IDENTIFIER = "com.jasonyeoh.Fetch-Dessert";
				PRODUCT_NAME = "$(TARGET_NAME)";
				SWIFT_EMIT_LOC_STRINGS = YES;
				SWIFT_VERSION = 5.0;
				TARGETED_DEVICE_FAMILY = "1,2";
			};
			name = Release;
		};
/* End XCBuildConfiguration section */

/* Begin XCConfigurationList section */
		D09ACE0D29BD8C6000A85CF9 /* Build configuration list for PBXProject "Fetch Dessert" */ = {
			isa = XCConfigurationList;
			buildConfigurations = (
				D09ACE1E29BD8C6200A85CF9 /* Debug */,
				D09ACE1F29BD8C6200A85CF9 /* Release */,
			);
			defaultConfigurationIsVisible = 0;
			defaultConfigurationName = Release;
		};
		D09ACE2029BD8C6200A85CF9 /* Build configuration list for PBXNativeTarget "Fetch Dessert" */ = {
			isa = XCConfigurationList;
			buildConfigurations = (
				D09ACE2129BD8C6200A85CF9 /* Debug */,
				D09ACE2229BD8C6200A85CF9 /* Release */,
			);
			defaultConfigurationIsVisible = 0;
			defaultConfigurationName = Release;
		};
/* End XCConfigurationList section */
	};
	rootObject = D09ACE0A29BD8C6000A85CF9 /* Project object */;
}
